// !$*UTF8*$!
{
	archiveVersion = 1;
	classes = {
	};
	objectVersion = 46;
	objects = {

/* Begin PBXBuildFile section */
		21011FE21CC5D536001AECCD /* InstagramLogin.swift in Sources */ = {isa = PBXBuildFile; fileRef = 21011FE11CC5D536001AECCD /* InstagramLogin.swift */; settings = {ASSET_TAGS = (); }; };
		21352A681C7A5647001ED3C0 /* randomData.swift in Sources */ = {isa = PBXBuildFile; fileRef = 21352A671C7A5647001ED3C0 /* randomData.swift */; settings = {ASSET_TAGS = (); }; };
		213ACCBF1C0A2B0400B54335 /* AppDelegate.swift in Sources */ = {isa = PBXBuildFile; fileRef = 213ACCBE1C0A2B0400B54335 /* AppDelegate.swift */; };
		213ACCC41C0A2B0400B54335 /* Main.storyboard in Resources */ = {isa = PBXBuildFile; fileRef = 213ACCC21C0A2B0400B54335 /* Main.storyboard */; };
		213ACCC61C0A2B0400B54335 /* Assets.xcassets in Resources */ = {isa = PBXBuildFile; fileRef = 213ACCC51C0A2B0400B54335 /* Assets.xcassets */; };
		213ACCC91C0A2B0400B54335 /* LaunchScreen.storyboard in Resources */ = {isa = PBXBuildFile; fileRef = 213ACCC71C0A2B0400B54335 /* LaunchScreen.storyboard */; };
		213ACCD41C0A2B0400B54335 /* BlocstagramTests.swift in Sources */ = {isa = PBXBuildFile; fileRef = 213ACCD31C0A2B0400B54335 /* BlocstagramTests.swift */; };
		213ACCDF1C0A2B0400B54335 /* BlocstagramUITests.swift in Sources */ = {isa = PBXBuildFile; fileRef = 213ACCDE1C0A2B0400B54335 /* BlocstagramUITests.swift */; };
		213ACCF71C0A2BCA00B54335 /* 1.jpg in Resources */ = {isa = PBXBuildFile; fileRef = 213ACCED1C0A2BCA00B54335 /* 1.jpg */; settings = {ASSET_TAGS = (); }; };
		213ACCF81C0A2BCA00B54335 /* 2.jpg in Resources */ = {isa = PBXBuildFile; fileRef = 213ACCEE1C0A2BCA00B54335 /* 2.jpg */; settings = {ASSET_TAGS = (); }; };
		213ACCF91C0A2BCA00B54335 /* 3.jpg in Resources */ = {isa = PBXBuildFile; fileRef = 213ACCEF1C0A2BCA00B54335 /* 3.jpg */; settings = {ASSET_TAGS = (); }; };
		213ACCFA1C0A2BCA00B54335 /* 4.jpg in Resources */ = {isa = PBXBuildFile; fileRef = 213ACCF01C0A2BCA00B54335 /* 4.jpg */; settings = {ASSET_TAGS = (); }; };
		213ACCFB1C0A2BCA00B54335 /* 5.jpg in Resources */ = {isa = PBXBuildFile; fileRef = 213ACCF11C0A2BCA00B54335 /* 5.jpg */; settings = {ASSET_TAGS = (); }; };
		213ACCFC1C0A2BCA00B54335 /* 6.jpg in Resources */ = {isa = PBXBuildFile; fileRef = 213ACCF21C0A2BCA00B54335 /* 6.jpg */; settings = {ASSET_TAGS = (); }; };
		213ACCFD1C0A2BCA00B54335 /* 7.jpg in Resources */ = {isa = PBXBuildFile; fileRef = 213ACCF31C0A2BCA00B54335 /* 7.jpg */; settings = {ASSET_TAGS = (); }; };
		213ACCFE1C0A2BCA00B54335 /* 8.jpg in Resources */ = {isa = PBXBuildFile; fileRef = 213ACCF41C0A2BCA00B54335 /* 8.jpg */; settings = {ASSET_TAGS = (); }; };
		213ACCFF1C0A2BCA00B54335 /* 9.jpg in Resources */ = {isa = PBXBuildFile; fileRef = 213ACCF51C0A2BCA00B54335 /* 9.jpg */; settings = {ASSET_TAGS = (); }; };
		213ACD001C0A2BCA00B54335 /* 10.jpg in Resources */ = {isa = PBXBuildFile; fileRef = 213ACCF61C0A2BCA00B54335 /* 10.jpg */; settings = {ASSET_TAGS = (); }; };
		213ACD021C0A2BF800B54335 /* ImagesTableViewController.swift in Sources */ = {isa = PBXBuildFile; fileRef = 213ACD011C0A2BF800B54335 /* ImagesTableViewController.swift */; settings = {ASSET_TAGS = (); }; };
		215E68EB1C225FC300803028 /* Comment.swift in Sources */ = {isa = PBXBuildFile; fileRef = 215E68EA1C225FC300803028 /* Comment.swift */; settings = {ASSET_TAGS = (); }; };
		219F6F041C2766A40014ED51 /* MediaTableViewCell.swift in Sources */ = {isa = PBXBuildFile; fileRef = 219F6F031C2766A40014ED51 /* MediaTableViewCell.swift */; settings = {ASSET_TAGS = (); }; };
		21F451E81C0BB69600B5C911 /* User.swift in Sources */ = {isa = PBXBuildFile; fileRef = 21F451E71C0BB69600B5C911 /* User.swift */; settings = {ASSET_TAGS = (); }; };
		21F451EA1C0BB78500B5C911 /* Media.swift in Sources */ = {isa = PBXBuildFile; fileRef = 21F451E91C0BB78500B5C911 /* Media.swift */; settings = {ASSET_TAGS = (); }; };
		21F451F11C0BE99700B5C911 /* DataSource.m in Sources */ = {isa = PBXBuildFile; fileRef = 21F451F01C0BE99700B5C911 /* DataSource.m */; settings = {ASSET_TAGS = (); }; };
/* End PBXBuildFile section */

/* Begin PBXContainerItemProxy section */
		213ACCD01C0A2B0400B54335 /* PBXContainerItemProxy */ = {
			isa = PBXContainerItemProxy;
			containerPortal = 213ACCB31C0A2B0400B54335 /* Project object */;
			proxyType = 1;
			remoteGlobalIDString = 213ACCBA1C0A2B0400B54335;
			remoteInfo = Blocstagram;
		};
		213ACCDB1C0A2B0400B54335 /* PBXContainerItemProxy */ = {
			isa = PBXContainerItemProxy;
			containerPortal = 213ACCB31C0A2B0400B54335 /* Project object */;
			proxyType = 1;
			remoteGlobalIDString = 213ACCBA1C0A2B0400B54335;
			remoteInfo = Blocstagram;
		};
/* End PBXContainerItemProxy section */

/* Begin PBXFileReference section */
		21011FE11CC5D536001AECCD /* InstagramLogin.swift */ = {isa = PBXFileReference; fileEncoding = 4; lastKnownFileType = sourcecode.swift; path = InstagramLogin.swift; sourceTree = "<group>"; };
		21352A671C7A5647001ED3C0 /* randomData.swift */ = {isa = PBXFileReference; fileEncoding = 4; lastKnownFileType = sourcecode.swift; path = randomData.swift; sourceTree = "<group>"; };
		213ACCBB1C0A2B0400B54335 /* Blocstagram.app */ = {isa = PBXFileReference; explicitFileType = wrapper.application; includeInIndex = 0; path = Blocstagram.app; sourceTree = BUILT_PRODUCTS_DIR; };
		213ACCBE1C0A2B0400B54335 /* AppDelegate.swift */ = {isa = PBXFileReference; lastKnownFileType = sourcecode.swift; path = AppDelegate.swift; sourceTree = "<group>"; };
		213ACCC31C0A2B0400B54335 /* Base */ = {isa = PBXFileReference; lastKnownFileType = file.storyboard; name = Base; path = Base.lproj/Main.storyboard; sourceTree = "<group>"; };
		213ACCC51C0A2B0400B54335 /* Assets.xcassets */ = {isa = PBXFileReference; lastKnownFileType = folder.assetcatalog; path = Assets.xcassets; sourceTree = "<group>"; };
		213ACCC81C0A2B0400B54335 /* Base */ = {isa = PBXFileReference; lastKnownFileType = file.storyboard; name = Base; path = Base.lproj/LaunchScreen.storyboard; sourceTree = "<group>"; };
		213ACCCA1C0A2B0400B54335 /* Info.plist */ = {isa = PBXFileReference; lastKnownFileType = text.plist.xml; path = Info.plist; sourceTree = "<group>"; };
		213ACCCF1C0A2B0400B54335 /* BlocstagramTests.xctest */ = {isa = PBXFileReference; explicitFileType = wrapper.cfbundle; includeInIndex = 0; path = BlocstagramTests.xctest; sourceTree = BUILT_PRODUCTS_DIR; };
		213ACCD31C0A2B0400B54335 /* BlocstagramTests.swift */ = {isa = PBXFileReference; lastKnownFileType = sourcecode.swift; path = BlocstagramTests.swift; sourceTree = "<group>"; };
		213ACCD51C0A2B0400B54335 /* Info.plist */ = {isa = PBXFileReference; lastKnownFileType = text.plist.xml; path = Info.plist; sourceTree = "<group>"; };
		213ACCDA1C0A2B0400B54335 /* BlocstagramUITests.xctest */ = {isa = PBXFileReference; explicitFileType = wrapper.cfbundle; includeInIndex = 0; path = BlocstagramUITests.xctest; sourceTree = BUILT_PRODUCTS_DIR; };
		213ACCDE1C0A2B0400B54335 /* BlocstagramUITests.swift */ = {isa = PBXFileReference; lastKnownFileType = sourcecode.swift; path = BlocstagramUITests.swift; sourceTree = "<group>"; };
		213ACCE01C0A2B0400B54335 /* Info.plist */ = {isa = PBXFileReference; lastKnownFileType = text.plist.xml; path = Info.plist; sourceTree = "<group>"; };
		213ACCED1C0A2BCA00B54335 /* 1.jpg */ = {isa = PBXFileReference; lastKnownFileType = image.jpeg; path = 1.jpg; sourceTree = "<group>"; };
		213ACCEE1C0A2BCA00B54335 /* 2.jpg */ = {isa = PBXFileReference; lastKnownFileType = image.jpeg; path = 2.jpg; sourceTree = "<group>"; };
		213ACCEF1C0A2BCA00B54335 /* 3.jpg */ = {isa = PBXFileReference; lastKnownFileType = image.jpeg; path = 3.jpg; sourceTree = "<group>"; };
		213ACCF01C0A2BCA00B54335 /* 4.jpg */ = {isa = PBXFileReference; lastKnownFileType = image.jpeg; path = 4.jpg; sourceTree = "<group>"; };
		213ACCF11C0A2BCA00B54335 /* 5.jpg */ = {isa = PBXFileReference; lastKnownFileType = image.jpeg; path = 5.jpg; sourceTree = "<group>"; };
		213ACCF21C0A2BCA00B54335 /* 6.jpg */ = {isa = PBXFileReference; lastKnownFileType = image.jpeg; path = 6.jpg; sourceTree = "<group>"; };
		213ACCF31C0A2BCA00B54335 /* 7.jpg */ = {isa = PBXFileReference; lastKnownFileType = image.jpeg; path = 7.jpg; sourceTree = "<group>"; };
		213ACCF41C0A2BCA00B54335 /* 8.jpg */ = {isa = PBXFileReference; lastKnownFileType = image.jpeg; path = 8.jpg; sourceTree = "<group>"; };
		213ACCF51C0A2BCA00B54335 /* 9.jpg */ = {isa = PBXFileReference; lastKnownFileType = image.jpeg; path = 9.jpg; sourceTree = "<group>"; };
		213ACCF61C0A2BCA00B54335 /* 10.jpg */ = {isa = PBXFileReference; lastKnownFileType = image.jpeg; path = 10.jpg; sourceTree = "<group>"; };
		213ACD011C0A2BF800B54335 /* ImagesTableViewController.swift */ = {isa = PBXFileReference; fileEncoding = 4; lastKnownFileType = sourcecode.swift; path = ImagesTableViewController.swift; sourceTree = "<group>"; };
		215E68EA1C225FC300803028 /* Comment.swift */ = {isa = PBXFileReference; fileEncoding = 4; lastKnownFileType = sourcecode.swift; path = Comment.swift; sourceTree = "<group>"; };
		219F6F031C2766A40014ED51 /* MediaTableViewCell.swift */ = {isa = PBXFileReference; fileEncoding = 4; lastKnownFileType = sourcecode.swift; path = MediaTableViewCell.swift; sourceTree = "<group>"; };
		21F451E71C0BB69600B5C911 /* User.swift */ = {isa = PBXFileReference; fileEncoding = 4; lastKnownFileType = sourcecode.swift; path = User.swift; sourceTree = "<group>"; };
		21F451E91C0BB78500B5C911 /* Media.swift */ = {isa = PBXFileReference; fileEncoding = 4; lastKnownFileType = sourcecode.swift; path = Media.swift; sourceTree = "<group>"; };
		21F451EE1C0BE99700B5C911 /* Blocstagram-Bridging-Header.h */ = {isa = PBXFileReference; lastKnownFileType = sourcecode.c.h; path = "Blocstagram-Bridging-Header.h"; sourceTree = "<group>"; };
		21F451EF1C0BE99700B5C911 /* DataSource.h */ = {isa = PBXFileReference; fileEncoding = 4; lastKnownFileType = sourcecode.c.h; path = DataSource.h; sourceTree = "<group>"; };
		21F451F01C0BE99700B5C911 /* DataSource.m */ = {isa = PBXFileReference; fileEncoding = 4; lastKnownFileType = sourcecode.c.objc; path = DataSource.m; sourceTree = "<group>"; };
/* End PBXFileReference section */

/* Begin PBXFrameworksBuildPhase section */
		213ACCB81C0A2B0400B54335 /* Frameworks */ = {
			isa = PBXFrameworksBuildPhase;
			buildActionMask = 2147483647;
			files = (
			);
			runOnlyForDeploymentPostprocessing = 0;
		};
		213ACCCC1C0A2B0400B54335 /* Frameworks */ = {
			isa = PBXFrameworksBuildPhase;
			buildActionMask = 2147483647;
			files = (
			);
			runOnlyForDeploymentPostprocessing = 0;
		};
		213ACCD71C0A2B0400B54335 /* Frameworks */ = {
			isa = PBXFrameworksBuildPhase;
			buildActionMask = 2147483647;
			files = (
			);
			runOnlyForDeploymentPostprocessing = 0;
		};
/* End PBXFrameworksBuildPhase section */

/* Begin PBXGroup section */
		213ACCB21C0A2B0400B54335 = {
			isa = PBXGroup;
			children = (
				213ACCBD1C0A2B0400B54335 /* Blocstagram */,
				213ACCD21C0A2B0400B54335 /* BlocstagramTests */,
				213ACCDD1C0A2B0400B54335 /* BlocstagramUITests */,
				213ACCBC1C0A2B0400B54335 /* Products */,
			);
			sourceTree = "<group>";
		};
		213ACCBC1C0A2B0400B54335 /* Products */ = {
			isa = PBXGroup;
			children = (
				213ACCBB1C0A2B0400B54335 /* Blocstagram.app */,
				213ACCCF1C0A2B0400B54335 /* BlocstagramTests.xctest */,
				213ACCDA1C0A2B0400B54335 /* BlocstagramUITests.xctest */,
			);
			name = Products;
			sourceTree = "<group>";
		};
		213ACCBD1C0A2B0400B54335 /* Blocstagram */ = {
			isa = PBXGroup;
			children = (
				213ACCC21C0A2B0400B54335 /* Main.storyboard */,
				213ACCC71C0A2B0400B54335 /* LaunchScreen.storyboard */,
				213ACCBE1C0A2B0400B54335 /* AppDelegate.swift */,
				213ACCC51C0A2B0400B54335 /* Assets.xcassets */,
				213ACCEC1C0A2BBD00B54335 /* images */,
				213ACD011C0A2BF800B54335 /* ImagesTableViewController.swift */,
				219F6F031C2766A40014ED51 /* MediaTableViewCell.swift */,
				21011FE11CC5D536001AECCD /* InstagramLogin.swift */,
				213ACCCA1C0A2B0400B54335 /* Info.plist */,
				21F451E71C0BB69600B5C911 /* User.swift */,
				21F451E91C0BB78500B5C911 /* Media.swift */,
				215E68EA1C225FC300803028 /* Comment.swift */,
				21352A671C7A5647001ED3C0 /* randomData.swift */,
				21F451EF1C0BE99700B5C911 /* DataSource.h */,
				21F451F01C0BE99700B5C911 /* DataSource.m */,
				21F451EE1C0BE99700B5C911 /* Blocstagram-Bridging-Header.h */,
			);
			path = Blocstagram;
			sourceTree = "<group>";
		};
		213ACCD21C0A2B0400B54335 /* BlocstagramTests */ = {
			isa = PBXGroup;
			children = (
				213ACCD31C0A2B0400B54335 /* BlocstagramTests.swift */,
				213ACCD51C0A2B0400B54335 /* Info.plist */,
			);
			path = BlocstagramTests;
			sourceTree = "<group>";
		};
		213ACCDD1C0A2B0400B54335 /* BlocstagramUITests */ = {
			isa = PBXGroup;
			children = (
				213ACCDE1C0A2B0400B54335 /* BlocstagramUITests.swift */,
				213ACCE01C0A2B0400B54335 /* Info.plist */,
			);
			path = BlocstagramUITests;
			sourceTree = "<group>";
		};
		213ACCEC1C0A2BBD00B54335 /* images */ = {
			isa = PBXGroup;
			children = (
				213ACCED1C0A2BCA00B54335 /* 1.jpg */,
				213ACCEE1C0A2BCA00B54335 /* 2.jpg */,
				213ACCEF1C0A2BCA00B54335 /* 3.jpg */,
				213ACCF01C0A2BCA00B54335 /* 4.jpg */,
				213ACCF11C0A2BCA00B54335 /* 5.jpg */,
				213ACCF21C0A2BCA00B54335 /* 6.jpg */,
				213ACCF31C0A2BCA00B54335 /* 7.jpg */,
				213ACCF41C0A2BCA00B54335 /* 8.jpg */,
				213ACCF51C0A2BCA00B54335 /* 9.jpg */,
				213ACCF61C0A2BCA00B54335 /* 10.jpg */,
			);
			name = images;
			sourceTree = "<group>";
		};
/* End PBXGroup section */

/* Begin PBXNativeTarget section */
		213ACCBA1C0A2B0400B54335 /* Blocstagram */ = {
			isa = PBXNativeTarget;
			buildConfigurationList = 213ACCE31C0A2B0400B54335 /* Build configuration list for PBXNativeTarget "Blocstagram" */;
			buildPhases = (
				213ACCB71C0A2B0400B54335 /* Sources */,
				213ACCB81C0A2B0400B54335 /* Frameworks */,
				213ACCB91C0A2B0400B54335 /* Resources */,
			);
			buildRules = (
			);
			dependencies = (
			);
			name = Blocstagram;
			productName = Blocstagram;
			productReference = 213ACCBB1C0A2B0400B54335 /* Blocstagram.app */;
			productType = "com.apple.product-type.application";
		};
		213ACCCE1C0A2B0400B54335 /* BlocstagramTests */ = {
			isa = PBXNativeTarget;
			buildConfigurationList = 213ACCE61C0A2B0400B54335 /* Build configuration list for PBXNativeTarget "BlocstagramTests" */;
			buildPhases = (
				213ACCCB1C0A2B0400B54335 /* Sources */,
				213ACCCC1C0A2B0400B54335 /* Frameworks */,
				213ACCCD1C0A2B0400B54335 /* Resources */,
			);
			buildRules = (
			);
			dependencies = (
				213ACCD11C0A2B0400B54335 /* PBXTargetDependency */,
			);
			name = BlocstagramTests;
			productName = BlocstagramTests;
			productReference = 213ACCCF1C0A2B0400B54335 /* BlocstagramTests.xctest */;
			productType = "com.apple.product-type.bundle.unit-test";
		};
		213ACCD91C0A2B0400B54335 /* BlocstagramUITests */ = {
			isa = PBXNativeTarget;
			buildConfigurationList = 213ACCE91C0A2B0400B54335 /* Build configuration list for PBXNativeTarget "BlocstagramUITests" */;
			buildPhases = (
				213ACCD61C0A2B0400B54335 /* Sources */,
				213ACCD71C0A2B0400B54335 /* Frameworks */,
				213ACCD81C0A2B0400B54335 /* Resources */,
			);
			buildRules = (
			);
			dependencies = (
				213ACCDC1C0A2B0400B54335 /* PBXTargetDependency */,
			);
			name = BlocstagramUITests;
			productName = BlocstagramUITests;
			productReference = 213ACCDA1C0A2B0400B54335 /* BlocstagramUITests.xctest */;
			productType = "com.apple.product-type.bundle.ui-testing";
		};
/* End PBXNativeTarget section */

/* Begin PBXProject section */
		213ACCB31C0A2B0400B54335 /* Project object */ = {
			isa = PBXProject;
			attributes = {
				LastSwiftUpdateCheck = 0700;
				LastUpgradeCheck = 0700;
				ORGANIZATIONNAME = "Jin Kato";
				TargetAttributes = {
					213ACCBA1C0A2B0400B54335 = {
						CreatedOnToolsVersion = 7.0;
					};
					213ACCCE1C0A2B0400B54335 = {
						CreatedOnToolsVersion = 7.0;
						TestTargetID = 213ACCBA1C0A2B0400B54335;
					};
					213ACCD91C0A2B0400B54335 = {
						CreatedOnToolsVersion = 7.0;
						TestTargetID = 213ACCBA1C0A2B0400B54335;
					};
				};
			};
			buildConfigurationList = 213ACCB61C0A2B0400B54335 /* Build configuration list for PBXProject "Blocstagram" */;
			compatibilityVersion = "Xcode 3.2";
			developmentRegion = English;
			hasScannedForEncodings = 0;
			knownRegions = (
				en,
				Base,
			);
			mainGroup = 213ACCB21C0A2B0400B54335;
			productRefGroup = 213ACCBC1C0A2B0400B54335 /* Products */;
			projectDirPath = "";
			projectRoot = "";
			targets = (
				213ACCBA1C0A2B0400B54335 /* Blocstagram */,
				213ACCCE1C0A2B0400B54335 /* BlocstagramTests */,
				213ACCD91C0A2B0400B54335 /* BlocstagramUITests */,
			);
		};
/* End PBXProject section */

/* Begin PBXResourcesBuildPhase section */
		213ACCB91C0A2B0400B54335 /* Resources */ = {
			isa = PBXResourcesBuildPhase;
			buildActionMask = 2147483647;
			files = (
				213ACD001C0A2BCA00B54335 /* 10.jpg in Resources */,
				213ACCFE1C0A2BCA00B54335 /* 8.jpg in Resources */,
				213ACCFC1C0A2BCA00B54335 /* 6.jpg in Resources */,
				213ACCC91C0A2B0400B54335 /* LaunchScreen.storyboard in Resources */,
				213ACCFB1C0A2BCA00B54335 /* 5.jpg in Resources */,
				213ACCFA1C0A2BCA00B54335 /* 4.jpg in Resources */,
				213ACCF71C0A2BCA00B54335 /* 1.jpg in Resources */,
				213ACCF81C0A2BCA00B54335 /* 2.jpg in Resources */,
				213ACCF91C0A2BCA00B54335 /* 3.jpg in Resources */,
				213ACCFD1C0A2BCA00B54335 /* 7.jpg in Resources */,
				213ACCFF1C0A2BCA00B54335 /* 9.jpg in Resources */,
				213ACCC61C0A2B0400B54335 /* Assets.xcassets in Resources */,
				213ACCC41C0A2B0400B54335 /* Main.storyboard in Resources */,
			);
			runOnlyForDeploymentPostprocessing = 0;
		};
		213ACCCD1C0A2B0400B54335 /* Resources */ = {
			isa = PBXResourcesBuildPhase;
			buildActionMask = 2147483647;
			files = (
			);
			runOnlyForDeploymentPostprocessing = 0;
		};
		213ACCD81C0A2B0400B54335 /* Resources */ = {
			isa = PBXResourcesBuildPhase;
			buildActionMask = 2147483647;
			files = (
			);
			runOnlyForDeploymentPostprocessing = 0;
		};
/* End PBXResourcesBuildPhase section */

/* Begin PBXSourcesBuildPhase section */
		213ACCB71C0A2B0400B54335 /* Sources */ = {
			isa = PBXSourcesBuildPhase;
			buildActionMask = 2147483647;
			files = (
				213ACD021C0A2BF800B54335 /* ImagesTableViewController.swift in Sources */,
				215E68EB1C225FC300803028 /* Comment.swift in Sources */,
				21F451F11C0BE99700B5C911 /* DataSource.m in Sources */,
				213ACCBF1C0A2B0400B54335 /* AppDelegate.swift in Sources */,
				21F451EA1C0BB78500B5C911 /* Media.swift in Sources */,
				21011FE21CC5D536001AECCD /* InstagramLogin.swift in Sources */,
				219F6F041C2766A40014ED51 /* MediaTableViewCell.swift in Sources */,
				21352A681C7A5647001ED3C0 /* randomData.swift in Sources */,
				21F451E81C0BB69600B5C911 /* User.swift in Sources */,
			);
			runOnlyForDeploymentPostprocessing = 0;
		};
		213ACCCB1C0A2B0400B54335 /* Sources */ = {
			isa = PBXSourcesBuildPhase;
			buildActionMask = 2147483647;
			files = (
				213ACCD41C0A2B0400B54335 /* BlocstagramTests.swift in Sources */,
			);
			runOnlyForDeploymentPostprocessing = 0;
		};
		213ACCD61C0A2B0400B54335 /* Sources */ = {
			isa = PBXSourcesBuildPhase;
			buildActionMask = 2147483647;
			files = (
				213ACCDF1C0A2B0400B54335 /* BlocstagramUITests.swift in Sources */,
			);
			runOnlyForDeploymentPostprocessing = 0;
		};
/* End PBXSourcesBuildPhase section */

/* Begin PBXTargetDependency section */
		213ACCD11C0A2B0400B54335 /* PBXTargetDependency */ = {
			isa = PBXTargetDependency;
			target = 213ACCBA1C0A2B0400B54335 /* Blocstagram */;
			targetProxy = 213ACCD01C0A2B0400B54335 /* PBXContainerItemProxy */;
		};
		213ACCDC1C0A2B0400B54335 /* PBXTargetDependency */ = {
			isa = PBXTargetDependency;
			target = 213ACCBA1C0A2B0400B54335 /* Blocstagram */;
			targetProxy = 213ACCDB1C0A2B0400B54335 /* PBXContainerItemProxy */;
		};
/* End PBXTargetDependency section */

/* Begin PBXVariantGroup section */
		213ACCC21C0A2B0400B54335 /* Main.storyboard */ = {
			isa = PBXVariantGroup;
			children = (
				213ACCC31C0A2B0400B54335 /* Base */,
			);
			name = Main.storyboard;
			sourceTree = "<group>";
		};
		213ACCC71C0A2B0400B54335 /* LaunchScreen.storyboard */ = {
			isa = PBXVariantGroup;
			children = (
				213ACCC81C0A2B0400B54335 /* Base */,
			);
			name = LaunchScreen.storyboard;
			sourceTree = "<group>";
		};
/* End PBXVariantGroup section */

/* Begin XCBuildConfiguration section */
		213ACCE11C0A2B0400B54335 /* Debug */ = {
			isa = XCBuildConfiguration;
			buildSettings = {
				ALWAYS_SEARCH_USER_PATHS = NO;
				CLANG_CXX_LANGUAGE_STANDARD = "gnu++0x";
				CLANG_CXX_LIBRARY = "libc++";
				CLANG_ENABLE_MODULES = YES;
				CLANG_ENABLE_OBJC_ARC = YES;
				CLANG_WARN_BOOL_CONVERSION = YES;
				CLANG_WARN_CONSTANT_CONVERSION = YES;
				CLANG_WARN_DIRECT_OBJC_ISA_USAGE = YES_ERROR;
				CLANG_WARN_EMPTY_BODY = YES;
				CLANG_WARN_ENUM_CONVERSION = YES;
				CLANG_WARN_INT_CONVERSION = YES;
				CLANG_WARN_OBJC_ROOT_CLASS = YES_ERROR;
				CLANG_WARN_UNREACHABLE_CODE = YES;
				CLANG_WARN__DUPLICATE_METHOD_MATCH = YES;
				"CODE_SIGN_IDENTITY[sdk=iphoneos*]" = "iPhone Developer";
				COPY_PHASE_STRIP = NO;
				DEBUG_INFORMATION_FORMAT = dwarf;
				ENABLE_STRICT_OBJC_MSGSEND = YES;
				ENABLE_TESTABILITY = YES;
				GCC_C_LANGUAGE_STANDARD = gnu99;
				GCC_DYNAMIC_NO_PIC = NO;
				GCC_NO_COMMON_BLOCKS = YES;
				GCC_OPTIMIZATION_LEVEL = 0;
				GCC_PREPROCESSOR_DEFINITIONS = (
					"DEBUG=1",
					"$(inherited)",
				);
				GCC_WARN_64_TO_32_BIT_CONVERSION = YES;
				GCC_WARN_ABOUT_RETURN_TYPE = YES_ERROR;
				GCC_WARN_UNDECLARED_SELECTOR = YES;
				GCC_WARN_UNINITIALIZED_AUTOS = YES_AGGRESSIVE;
				GCC_WARN_UNUSED_FUNCTION = YES;
				GCC_WARN_UNUSED_VARIABLE = YES;
				IPHONEOS_DEPLOYMENT_TARGET = 9.0;
				MTL_ENABLE_DEBUG_INFO = YES;
				ONLY_ACTIVE_ARCH = YES;
				SDKROOT = iphoneos;
				SWIFT_OPTIMIZATION_LEVEL = "-Onone";
				TARGETED_DEVICE_FAMILY = "1,2";
			};
			name = Debug;
		};
		213ACCE21C0A2B0400B54335 /* Release */ = {
			isa = XCBuildConfiguration;
			buildSettings = {
				ALWAYS_SEARCH_USER_PATHS = NO;
				CLANG_CXX_LANGUAGE_STANDARD = "gnu++0x";
				CLANG_CXX_LIBRARY = "libc++";
				CLANG_ENABLE_MODULES = YES;
				CLANG_ENABLE_OBJC_ARC = YES;
				CLANG_WARN_BOOL_CONVERSION = YES;
				CLANG_WARN_CONSTANT_CONVERSION = YES;
				CLANG_WARN_DIRECT_OBJC_ISA_USAGE = YES_ERROR;
				CLANG_WARN_EMPTY_BODY = YES;
				CLANG_WARN_ENUM_CONVERSION = YES;
				CLANG_WARN_INT_CONVERSION = YES;
				CLANG_WARN_OBJC_ROOT_CLASS = YES_ERROR;
				CLANG_WARN_UNREACHABLE_CODE = YES;
				CLANG_WARN__DUPLICATE_METHOD_MATCH = YES;
				"CODE_SIGN_IDENTITY[sdk=iphoneos*]" = "iPhone Developer";
				COPY_PHASE_STRIP = NO;
				DEBUG_INFORMATION_FORMAT = "dwarf-with-dsym";
				ENABLE_NS_ASSERTIONS = NO;
				ENABLE_STRICT_OBJC_MSGSEND = YES;
				GCC_C_LANGUAGE_STANDARD = gnu99;
				GCC_NO_COMMON_BLOCKS = YES;
				GCC_WARN_64_TO_32_BIT_CONVERSION = YES;
				GCC_WARN_ABOUT_RETURN_TYPE = YES_ERROR;
				GCC_WARN_UNDECLARED_SELECTOR = YES;
				GCC_WARN_UNINITIALIZED_AUTOS = YES_AGGRESSIVE;
				GCC_WARN_UNUSED_FUNCTION = YES;
				GCC_WARN_UNUSED_VARIABLE = YES;
				IPHONEOS_DEPLOYMENT_TARGET = 9.0;
				MTL_ENABLE_DEBUG_INFO = NO;
				SDKROOT = iphoneos;
				TARGETED_DEVICE_FAMILY = "1,2";
				VALIDATE_PRODUCT = YES;
			};
			name = Release;
		};
		213ACCE41C0A2B0400B54335 /* Debug */ = {
			isa = XCBuildConfiguration;
			buildSettings = {
				ASSETCATALOG_COMPILER_APPICON_NAME = AppIcon;
				CLANG_ENABLE_MODULES = YES;
				INFOPLIST_FILE = Blocstagram/Info.plist;
				LD_RUNPATH_SEARCH_PATHS = "$(inherited) @executable_path/Frameworks";
				PRODUCT_BUNDLE_IDENTIFIER = com.jinkato.www.Blocstagram;
				PRODUCT_NAME = "$(TARGET_NAME)";
				SWIFT_OBJC_BRIDGING_HEADER = "Blocstagram/Blocstagram-Bridging-Header.h";
				SWIFT_OPTIMIZATION_LEVEL = "-Onone";
			};
			name = Debug;
		};
		213ACCE51C0A2B0400B54335 /* Release */ = {
			isa = XCBuildConfiguration;
			buildSettings = {
				ASSETCATALOG_COMPILER_APPICON_NAME = AppIcon;
				CLANG_ENABLE_MODULES = YES;
				INFOPLIST_FILE = Blocstagram/Info.plist;
				LD_RUNPATH_SEARCH_PATHS = "$(inherited) @executable_path/Frameworks";
				PRODUCT_BUNDLE_IDENTIFIER = com.jinkato.www.Blocstagram;
				PRODUCT_NAME = "$(TARGET_NAME)";
				SWIFT_OBJC_BRIDGING_HEADER = "Blocstagram/Blocstagram-Bridging-Header.h";
			};
			name = Release;
		};
		213ACCE71C0A2B0400B54335 /* Debug */ = {
			isa = XCBuildConfiguration;
			buildSettings = {
				BUNDLE_LOADER = "$(TEST_HOST)";
				INFOPLIST_FILE = BlocstagramTests/Info.plist;
				LD_RUNPATH_SEARCH_PATHS = "$(inherited) @executable_path/Frameworks @loader_path/Frameworks";
				PRODUCT_BUNDLE_IDENTIFIER = com.jinkato.www.BlocstagramTests;
				PRODUCT_NAME = "$(TARGET_NAME)";
				TEST_HOST = "$(BUILT_PRODUCTS_DIR)/Blocstagram.app/Blocstagram";
			};
			name = Debug;
		};
		213ACCE81C0A2B0400B54335 /* Release */ = {
			isa = XCBuildConfiguration;
			buildSettings = {
				BUNDLE_LOADER = "$(TEST_HOST)";
				INFOPLIST_FILE = BlocstagramTests/Info.plist;
				LD_RUNPATH_SEARCH_PATHS = "$(inherited) @executable_path/Frameworks @loader_path/Frameworks";
				PRODUCT_BUNDLE_IDENTIFIER = com.jinkato.www.BlocstagramTests;
				PRODUCT_NAME = "$(TARGET_NAME)";
				TEST_HOST = "$(BUILT_PRODUCTS_DIR)/Blocstagram.app/Blocstagram";
			};
			name = Release;
		};
		213ACCEA1C0A2B0400B54335 /* Debug */ = {
			isa = XCBuildConfiguration;
			buildSettings = {
				INFOPLIST_FILE = BlocstagramUITests/Info.plist;
				LD_RUNPATH_SEARCH_PATHS = "$(inherited) @executable_path/Frameworks @loader_path/Frameworks";
				PRODUCT_BUNDLE_IDENTIFIER = com.jinkato.www.BlocstagramUITests;
				PRODUCT_NAME = "$(TARGET_NAME)";
				TEST_TARGET_NAME = Blocstagram;
				USES_XCTRUNNER = YES;
			};
			name = Debug;
		};
		213ACCEB1C0A2B0400B54335 /* Release */ = {
			isa = XCBuildConfiguration;
			buildSettings = {
				INFOPLIST_FILE = BlocstagramUITests/Info.plist;
				LD_RUNPATH_SEARCH_PATHS = "$(inherited) @executable_path/Frameworks @loader_path/Frameworks";
				PRODUCT_BUNDLE_IDENTIFIER = com.jinkato.www.BlocstagramUITests;
				PRODUCT_NAME = "$(TARGET_NAME)";
				TEST_TARGET_NAME = Blocstagram;
				USES_XCTRUNNER = YES;
			};
			name = Release;
		};
/* End XCBuildConfiguration section */

/* Begin XCConfigurationList section */
		213ACCB61C0A2B0400B54335 /* Build configuration list for PBXProject "Blocstagram" */ = {
			isa = XCConfigurationList;
			buildConfigurations = (
				213ACCE11C0A2B0400B54335 /* Debug */,
				213ACCE21C0A2B0400B54335 /* Release */,
			);
			defaultConfigurationIsVisible = 0;
			defaultConfigurationName = Release;
		};
		213ACCE31C0A2B0400B54335 /* Build configuration list for PBXNativeTarget "Blocstagram" */ = {
			isa = XCConfigurationList;
			buildConfigurations = (
				213ACCE41C0A2B0400B54335 /* Debug */,
				213ACCE51C0A2B0400B54335 /* Release */,
			);
			defaultConfigurationIsVisible = 0;
			defaultConfigurationName = Release;
		};
		213ACCE61C0A2B0400B54335 /* Build configuration list for PBXNativeTarget "BlocstagramTests" */ = {
			isa = XCConfigurationList;
			buildConfigurations = (
				213ACCE71C0A2B0400B54335 /* Debug */,
				213ACCE81C0A2B0400B54335 /* Release */,
			);
			defaultConfigurationIsVisible = 0;
			defaultConfigurationName = Release;
		};
		213ACCE91C0A2B0400B54335 /* Build configuration list for PBXNativeTarget "BlocstagramUITests" */ = {
			isa = XCConfigurationList;
			buildConfigurations = (
				213ACCEA1C0A2B0400B54335 /* Debug */,
				213ACCEB1C0A2B0400B54335 /* Release */,
			);
			defaultConfigurationIsVisible = 0;
			defaultConfigurationName = Release;
		};
/* End XCConfigurationList section */
	};
	rootObject = 213ACCB31C0A2B0400B54335 /* Project object */;
}
